
Microsoft Visual Studio Solution File, Format Version 12.00
# Visual Studio Version 17
VisualStudioVersion = 17.7.34024.191
MinimumVisualStudioVersion = 10.0.40219.1
Project("{8BC9CEB8-8B4A-11D0-8D11-00A0C91BC942}") = "HomeWork4(10.10)", "HomeWork4(10.10).vcxproj", "{A1252268-DE85-44C3-8225-E60CD17E74B0}"
EndProject
Global
	GlobalSection(SolutionConfigurationPlatforms) = preSolution
		Debug|x64 = Debug|x64
		Debug|x86 = Debug|x86
		Release|x64 = Release|x64
		Release|x86 = Release|x86
	EndGlobalSection
	GlobalSection(ProjectConfigurationPlatforms) = postSolution
		{A1252268-DE85-44C3-8225-E60CD17E74B0}.Debug|x64.ActiveCfg = Debug|x64
		{A1252268-DE85-44C3-8225-E60CD17E74B0}.Debug|x64.Build.0 = Debug|x64
		{A1252268-DE85-44C3-8225-E60CD17E74B0}.Debug|x86.ActiveCfg = Debug|Win32
		{A1252268-DE85-44C3-8225-E60CD17E74B0}.Debug|x86.Build.0 = Debug|Win32
		{A1252268-DE85-44C3-8225-E60CD17E74B0}.Release|x64.ActiveCfg = Release|x64
		{A1252268-DE85-44C3-8225-E60CD17E74B0}.Release|x64.Build.0 = Release|x64
		{A1252268-DE85-44C3-8225-E60CD17E74B0}.Release|x86.ActiveCfg = Release|Win32
		{A1252268-DE85-44C3-8225-E60CD17E74B0}.Release|x86.Build.0 = Release|Win32
	EndGlobalSection
	GlobalSection(SolutionProperties) = preSolution
		HideSolutionNode = FALSE
	EndGlobalSection
	GlobalSection(ExtensibilityGlobals) = postSolution
		SolutionGuid = {CA9E3649-0EE7-41F9-94B8-6A76FF23CB14}
	EndGlobalSection
EndGlobal
